// !$*UTF8*$!
{
	archiveVersion = 1;
	classes = {
	};
	objectVersion = 50;
	objects = {

/* Begin PBXBuildFile section */
		9C4976E324D7AC6000324F53 /* AppDelegate.m in Sources */ = {isa = PBXBuildFile; fileRef = 9C4976E224D7AC6000324F53 /* AppDelegate.m */; };
		9C4976E624D7AC6000324F53 /* SceneDelegate.m in Sources */ = {isa = PBXBuildFile; fileRef = 9C4976E524D7AC6000324F53 /* SceneDelegate.m */; };
		9C4976E924D7AC6000324F53 /* ViewController.m in Sources */ = {isa = PBXBuildFile; fileRef = 9C4976E824D7AC6000324F53 /* ViewController.m */; };
		9C4976EC24D7AC6000324F53 /* Main.storyboard in Resources */ = {isa = PBXBuildFile; fileRef = 9C4976EA24D7AC6000324F53 /* Main.storyboard */; };
		9C4976EE24D7AC6300324F53 /* Assets.xcassets in Resources */ = {isa = PBXBuildFile; fileRef = 9C4976ED24D7AC6300324F53 /* Assets.xcassets */; };
		9C4976F124D7AC6300324F53 /* LaunchScreen.storyboard in Resources */ = {isa = PBXBuildFile; fileRef = 9C4976EF24D7AC6300324F53 /* LaunchScreen.storyboard */; };
		9C4976F424D7AC6300324F53 /* main.m in Sources */ = {isa = PBXBuildFile; fileRef = 9C4976F324D7AC6300324F53 /* main.m */; };
		9C4976FC24D7AC9100324F53 /* MQStepCaptchaView.m in Sources */ = {isa = PBXBuildFile; fileRef = 9C4976FB24D7AC9100324F53 /* MQStepCaptchaView.m */; };
		C38EFC00B6D990396EBB3996 /* libPods-StepCaptcha.a in Frameworks */ = {isa = PBXBuildFile; fileRef = C4F6A7EA3F9E0BE44AFE1950 /* libPods-StepCaptcha.a */; };
/* End PBXBuildFile section */

/* Begin PBXFileReference section */
		628761E00D84261CF0EBCEA5 /* Pods-StepCaptcha.release.xcconfig */ = {isa = PBXFileReference; includeInIndex = 1; lastKnownFileType = text.xcconfig; name = "Pods-StepCaptcha.release.xcconfig"; path = "Target Support Files/Pods-StepCaptcha/Pods-StepCaptcha.release.xcconfig"; sourceTree = "<group>"; };
		9C4976DE24D7AC6000324F53 /* StepCaptcha.app */ = {isa = PBXFileReference; explicitFileType = wrapper.application; includeInIndex = 0; path = StepCaptcha.app; sourceTree = BUILT_PRODUCTS_DIR; };
		9C4976E124D7AC6000324F53 /* AppDelegate.h */ = {isa = PBXFileReference; lastKnownFileType = sourcecode.c.h; path = AppDelegate.h; sourceTree = "<group>"; };
		9C4976E224D7AC6000324F53 /* AppDelegate.m */ = {isa = PBXFileReference; lastKnownFileType = sourcecode.c.objc; path = AppDelegate.m; sourceTree = "<group>"; };
		9C4976E424D7AC6000324F53 /* SceneDelegate.h */ = {isa = PBXFileReference; lastKnownFileType = sourcecode.c.h; path = SceneDelegate.h; sourceTree = "<group>"; };
		9C4976E524D7AC6000324F53 /* SceneDelegate.m */ = {isa = PBXFileReference; lastKnownFileType = sourcecode.c.objc; path = SceneDelegate.m; sourceTree = "<group>"; };
		9C4976E724D7AC6000324F53 /* ViewController.h */ = {isa = PBXFileReference; lastKnownFileType = sourcecode.c.h; path = ViewController.h; sourceTree = "<group>"; };
		9C4976E824D7AC6000324F53 /* ViewController.m */ = {isa = PBXFileReference; lastKnownFileType = sourcecode.c.objc; path = ViewController.m; sourceTree = "<group>"; };
		9C4976EB24D7AC6000324F53 /* Base */ = {isa = PBXFileReference; lastKnownFileType = file.storyboard; name = Base; path = Base.lproj/Main.storyboard; sourceTree = "<group>"; };
		9C4976ED24D7AC6300324F53 /* Assets.xcassets */ = {isa = PBXFileReference; lastKnownFileType = folder.assetcatalog; path = Assets.xcassets; sourceTree = "<group>"; };
		9C4976F024D7AC6300324F53 /* Base */ = {isa = PBXFileReference; lastKnownFileType = file.storyboard; name = Base; path = Base.lproj/LaunchScreen.storyboard; sourceTree = "<group>"; };
		9C4976F224D7AC6300324F53 /* Info.plist */ = {isa = PBXFileReference; lastKnownFileType = text.plist.xml; path = Info.plist; sourceTree = "<group>"; };
		9C4976F324D7AC6300324F53 /* main.m */ = {isa = PBXFileReference; lastKnownFileType = sourcecode.c.objc; path = main.m; sourceTree = "<group>"; };
		9C4976FA24D7AC9100324F53 /* MQStepCaptchaView.h */ = {isa = PBXFileReference; fileEncoding = 4; lastKnownFileType = sourcecode.c.h; path = MQStepCaptchaView.h; sourceTree = "<group>"; };
		9C4976FB24D7AC9100324F53 /* MQStepCaptchaView.m */ = {isa = PBXFileReference; fileEncoding = 4; lastKnownFileType = sourcecode.c.objc; path = MQStepCaptchaView.m; sourceTree = "<group>"; };
		C4F6A7EA3F9E0BE44AFE1950 /* libPods-StepCaptcha.a */ = {isa = PBXFileReference; explicitFileType = archive.ar; includeInIndex = 0; path = "libPods-StepCaptcha.a"; sourceTree = BUILT_PRODUCTS_DIR; };
		E082D7F40AE6717938290EBF /* Pods-StepCaptcha.debug.xcconfig */ = {isa = PBXFileReference; includeInIndex = 1; lastKnownFileType = text.xcconfig; name = "Pods-StepCaptcha.debug.xcconfig"; path = "Target Support Files/Pods-StepCaptcha/Pods-StepCaptcha.debug.xcconfig"; sourceTree = "<group>"; };
/* End PBXFileReference section */

/* Begin PBXFrameworksBuildPhase section */
		9C4976DB24D7AC6000324F53 /* Frameworks */ = {
			isa = PBXFrameworksBuildPhase;
			buildActionMask = 2147483647;
			files = (
				C38EFC00B6D990396EBB3996 /* libPods-StepCaptcha.a in Frameworks */,
			);
			runOnlyForDeploymentPostprocessing = 0;
		};
/* End PBXFrameworksBuildPhase section */

/* Begin PBXGroup section */
		320E68ADE1285494020D77EE /* Pods */ = {
			isa = PBXGroup;
			children = (
				E082D7F40AE6717938290EBF /* Pods-StepCaptcha.debug.xcconfig */,
				628761E00D84261CF0EBCEA5 /* Pods-StepCaptcha.release.xcconfig */,
			);
			name = Pods;
			path = Pods;
			sourceTree = "<group>";
		};
		92F0252793711C6622CFA287 /* Frameworks */ = {
			isa = PBXGroup;
			children = (
				C4F6A7EA3F9E0BE44AFE1950 /* libPods-StepCaptcha.a */,
			);
			name = Frameworks;
			sourceTree = "<group>";
		};
		9C4976D524D7AC6000324F53 = {
			isa = PBXGroup;
			children = (
				9C4976E024D7AC6000324F53 /* StepCaptcha */,
				9C4976DF24D7AC6000324F53 /* Products */,
				320E68ADE1285494020D77EE /* Pods */,
				92F0252793711C6622CFA287 /* Frameworks */,
			);
			sourceTree = "<group>";
		};
		9C4976DF24D7AC6000324F53 /* Products */ = {
			isa = PBXGroup;
			children = (
				9C4976DE24D7AC6000324F53 /* StepCaptcha.app */,
			);
			name = Products;
			sourceTree = "<group>";
		};
		9C4976E024D7AC6000324F53 /* StepCaptcha */ = {
			isa = PBXGroup;
			children = (
				9C4976E124D7AC6000324F53 /* AppDelegate.h */,
				9C4976E224D7AC6000324F53 /* AppDelegate.m */,
				9C4976E424D7AC6000324F53 /* SceneDelegate.h */,
				9C4976E524D7AC6000324F53 /* SceneDelegate.m */,
				9C4976E724D7AC6000324F53 /* ViewController.h */,
				9C4976E824D7AC6000324F53 /* ViewController.m */,
				9C4976FA24D7AC9100324F53 /* MQStepCaptchaView.h */,
				9C4976FB24D7AC9100324F53 /* MQStepCaptchaView.m */,
				9C4976EA24D7AC6000324F53 /* Main.storyboard */,
				9C4976ED24D7AC6300324F53 /* Assets.xcassets */,
				9C4976EF24D7AC6300324F53 /* LaunchScreen.storyboard */,
				9C4976F224D7AC6300324F53 /* Info.plist */,
				9C4976F324D7AC6300324F53 /* main.m */,
			);
			path = StepCaptcha;
			sourceTree = "<group>";
		};
/* End PBXGroup section */

/* Begin PBXNativeTarget section */
		9C4976DD24D7AC6000324F53 /* StepCaptcha */ = {
			isa = PBXNativeTarget;
			buildConfigurationList = 9C4976F724D7AC6300324F53 /* Build configuration list for PBXNativeTarget "StepCaptcha" */;
			buildPhases = (
				DDF722C1857CCDE5722B3B8F /* [CP] Check Pods Manifest.lock */,
				9C4976DA24D7AC6000324F53 /* Sources */,
				9C4976DB24D7AC6000324F53 /* Frameworks */,
				9C4976DC24D7AC6000324F53 /* Resources */,
			);
			buildRules = (
			);
			dependencies = (
			);
			name = StepCaptcha;
			productName = StepCaptcha;
			productReference = 9C4976DE24D7AC6000324F53 /* StepCaptcha.app */;
			productType = "com.apple.product-type.application";
		};
/* End PBXNativeTarget section */

/* Begin PBXProject section */
		9C4976D624D7AC6000324F53 /* Project object */ = {
			isa = PBXProject;
			attributes = {
				LastUpgradeCheck = 1160;
				ORGANIZATIONNAME = Jemis;
				TargetAttributes = {
					9C4976DD24D7AC6000324F53 = {
						CreatedOnToolsVersion = 11.6;
					};
				};
			};
			buildConfigurationList = 9C4976D924D7AC6000324F53 /* Build configuration list for PBXProject "StepCaptcha" */;
			compatibilityVersion = "Xcode 9.3";
			developmentRegion = en;
			hasScannedForEncodings = 0;
			knownRegions = (
				en,
				Base,
			);
			mainGroup = 9C4976D524D7AC6000324F53;
			productRefGroup = 9C4976DF24D7AC6000324F53 /* Products */;
			projectDirPath = "";
			projectRoot = "";
			targets = (
				9C4976DD24D7AC6000324F53 /* StepCaptcha */,
			);
		};
/* End PBXProject section */

/* Begin PBXResourcesBuildPhase section */
		9C4976DC24D7AC6000324F53 /* Resources */ = {
			isa = PBXResourcesBuildPhase;
			buildActionMask = 2147483647;
			files = (
				9C4976F124D7AC6300324F53 /* LaunchScreen.storyboard in Resources */,
				9C4976EE24D7AC6300324F53 /* Assets.xcassets in Resources */,
				9C4976EC24D7AC6000324F53 /* Main.storyboard in Resources */,
			);
			runOnlyForDeploymentPostprocessing = 0;
		};
/* End PBXResourcesBuildPhase section */

/* Begin PBXShellScriptBuildPhase section */
		DDF722C1857CCDE5722B3B8F /* [CP] Check Pods Manifest.lock */ = {
			isa = PBXShellScriptBuildPhase;
			buildActionMask = 2147483647;
			files = (
			);
			inputFileListPaths = (
			);
			inputPaths = (
				"${PODS_PODFILE_DIR_PATH}/Podfile.lock",
				"${PODS_ROOT}/Manifest.lock",
			);
			name = "[CP] Check Pods Manifest.lock";
			outputFileListPaths = (
			);
			outputPaths = (
				"$(DERIVED_FILE_DIR)/Pods-StepCaptcha-checkManifestLockResult.txt",
			);
			runOnlyForDeploymentPostprocessing = 0;
			shellPath = /bin/sh;
			shellScript = "diff \"${PODS_PODFILE_DIR_PATH}/Podfile.lock\" \"${PODS_ROOT}/Manifest.lock\" > /dev/null\nif [ $? != 0 ] ; then\n    # print error to STDERR\n    echo \"error: The sandbox is not in sync with the Podfile.lock. Run 'pod install' or update your CocoaPods installation.\" >&2\n    exit 1\nfi\n# This output is used by Xcode 'outputs' to avoid re-running this script phase.\necho \"SUCCESS\" > \"${SCRIPT_OUTPUT_FILE_0}\"\n";
			showEnvVarsInLog = 0;
		};
/* End PBXShellScriptBuildPhase section */

/* Begin PBXSourcesBuildPhase section */
		9C4976DA24D7AC6000324F53 /* Sources */ = {
			isa = PBXSourcesBuildPhase;
			buildActionMask = 2147483647;
			files = (
				9C4976FC24D7AC9100324F53 /* MQStepCaptchaView.m in Sources */,
				9C4976E924D7AC6000324F53 /* ViewController.m in Sources */,
				9C4976E324D7AC6000324F53 /* AppDelegate.m in Sources */,
				9C4976F424D7AC6300324F53 /* main.m in Sources */,
				9C4976E624D7AC6000324F53 /* SceneDelegate.m in Sources */,
			);
			runOnlyForDeploymentPostprocessing = 0;
		};
/* End PBXSourcesBuildPhase section */

/* Begin PBXVariantGroup section */
		9C4976EA24D7AC6000324F53 /* Main.storyboard */ = {
			isa = PBXVariantGroup;
			children = (
				9C4976EB24D7AC6000324F53 /* Base */,
			);
			name = Main.storyboard;
			sourceTree = "<group>";
		};
		9C4976EF24D7AC6300324F53 /* LaunchScreen.storyboard */ = {
			isa = PBXVariantGroup;
			children = (
				9C4976F024D7AC6300324F53 /* Base */,
			);
			name = LaunchScreen.storyboard;
			sourceTree = "<group>";
		};
/* End PBXVariantGroup section */

/* Begin XCBuildConfiguration section */
		9C4976F524D7AC6300324F53 /* Debug */ = {
			isa = XCBuildConfiguration;
			buildSettings = {
				ALWAYS_SEARCH_USER_PATHS = NO;
				CLANG_ANALYZER_NONNULL = YES;
				CLANG_ANALYZER_NUMBER_OBJECT_CONVERSION = YES_AGGRESSIVE;
				CLANG_CXX_LANGUAGE_STANDARD = "gnu++14";
				CLANG_CXX_LIBRARY = "libc++";
				CLANG_ENABLE_MODULES = YES;
				CLANG_ENABLE_OBJC_ARC = YES;
				CLANG_ENABLE_OBJC_WEAK = YES;
				CLANG_WARN_BLOCK_CAPTURE_AUTORELEASING = YES;
				CLANG_WARN_BOOL_CONVERSION = YES;
				CLANG_WARN_COMMA = YES;
				CLANG_WARN_CONSTANT_CONVERSION = YES;
				CLANG_WARN_DEPRECATED_OBJC_IMPLEMENTATIONS = YES;
				CLANG_WARN_DIRECT_OBJC_ISA_USAGE = YES_ERROR;
				CLANG_WARN_DOCUMENTATION_COMMENTS = YES;
				CLANG_WARN_EMPTY_BODY = YES;
				CLANG_WARN_ENUM_CONVERSION = YES;
				CLANG_WARN_INFINITE_RECURSION = YES;
				CLANG_WARN_INT_CONVERSION = YES;
				CLANG_WARN_NON_LITERAL_NULL_CONVERSION = YES;
				CLANG_WARN_OBJC_IMPLICIT_RETAIN_SELF = YES;
				CLANG_WARN_OBJC_LITERAL_CONVERSION = YES;
				CLANG_WARN_OBJC_ROOT_CLASS = YES_ERROR;
				CLANG_WARN_RANGE_LOOP_ANALYSIS = YES;
				CLANG_WARN_STRICT_PROTOTYPES = YES;
				CLANG_WARN_SUSPICIOUS_MOVE = YES;
				CLANG_WARN_UNGUARDED_AVAILABILITY = YES_AGGRESSIVE;
				CLANG_WARN_UNREACHABLE_CODE = YES;
				CLANG_WARN__DUPLICATE_METHOD_MATCH = YES;
				COPY_PHASE_STRIP = NO;
				DEBUG_INFORMATION_FORMAT = dwarf;
				ENABLE_STRICT_OBJC_MSGSEND = YES;
				ENABLE_TESTABILITY = YES;
				GCC_C_LANGUAGE_STANDARD = gnu11;
				GCC_DYNAMIC_NO_PIC = NO;
				GCC_NO_COMMON_BLOCKS = YES;
				GCC_OPTIMIZATION_LEVEL = 0;
				GCC_PREPROCESSOR_DEFINITIONS = (
					"DEBUG=1",
					"$(inherited)",
				);
				GCC_WARN_64_TO_32_BIT_CONVERSION = YES;
				GCC_WARN_ABOUT_RETURN_TYPE = YES_ERROR;
				GCC_WARN_UNDECLARED_SELECTOR = YES;
				GCC_WARN_UNINITIALIZED_AUTOS = YES_AGGRESSIVE;
				GCC_WARN_UNUSED_FUNCTION = YES;
				GCC_WARN_UNUSED_VARIABLE = YES;
				IPHONEOS_DEPLOYMENT_TARGET = 13.6;
				MTL_ENABLE_DEBUG_INFO = INCLUDE_SOURCE;
				MTL_FAST_MATH = YES;
				ONLY_ACTIVE_ARCH = YES;
				SDKROOT = iphoneos;
			};
			name = Debug;
		};
		9C4976F624D7AC6300324F53 /* Release */ = {
			isa = XCBuildConfiguration;
			buildSettings = {
				ALWAYS_SEARCH_USER_PATHS = NO;
				CLANG_ANALYZER_NONNULL = YES;
				CLANG_ANALYZER_NUMBER_OBJECT_CONVERSION = YES_AGGRESSIVE;
				CLANG_CXX_LANGUAGE_STANDARD = "gnu++14";
				CLANG_CXX_LIBRARY = "libc++";
				CLANG_ENABLE_MODULES = YES;
				CLANG_ENABLE_OBJC_ARC = YES;
				CLANG_ENABLE_OBJC_WEAK = YES;
				CLANG_WARN_BLOCK_CAPTURE_AUTORELEASING = YES;
				CLANG_WARN_BOOL_CONVERSION = YES;
				CLANG_WARN_COMMA = YES;
				CLANG_WARN_CONSTANT_CONVERSION = YES;
				CLANG_WARN_DEPRECATED_OBJC_IMPLEMENTATIONS = YES;
				CLANG_WARN_DIRECT_OBJC_ISA_USAGE = YES_ERROR;
				CLANG_WARN_DOCUMENTATION_COMMENTS = YES;
				CLANG_WARN_EMPTY_BODY = YES;
				CLANG_WARN_ENUM_CONVERSION = YES;
				CLANG_WARN_INFINITE_RECURSION = YES;
				CLANG_WARN_INT_CONVERSION = YES;
				CLANG_WARN_NON_LITERAL_NULL_CONVERSION = YES;
				CLANG_WARN_OBJC_IMPLICIT_RETAIN_SELF = YES;
				CLANG_WARN_OBJC_LITERAL_CONVERSION = YES;
				CLANG_WARN_OBJC_ROOT_CLASS = YES_ERROR;
				CLANG_WARN_RANGE_LOOP_ANALYSIS = YES;
				CLANG_WARN_STRICT_PROTOTYPES = YES;
				CLANG_WARN_SUSPICIOUS_MOVE = YES;
				CLANG_WARN_UNGUARDED_AVAILABILITY = YES_AGGRESSIVE;
				CLANG_WARN_UNREACHABLE_CODE = YES;
				CLANG_WARN__DUPLICATE_METHOD_MATCH = YES;
				COPY_PHASE_STRIP = NO;
				DEBUG_INFORMATION_FORMAT = "dwarf-with-dsym";
				ENABLE_NS_ASSERTIONS = NO;
				ENABLE_STRICT_OBJC_MSGSEND = YES;
				GCC_C_LANGUAGE_STANDARD = gnu11;
				GCC_NO_COMMON_BLOCKS = YES;
				GCC_WARN_64_TO_32_BIT_CONVERSION = YES;
				GCC_WARN_ABOUT_RETURN_TYPE = YES_ERROR;
				GCC_WARN_UNDECLARED_SELECTOR = YES;
				GCC_WARN_UNINITIALIZED_AUTOS = YES_AGGRESSIVE;
				GCC_WARN_UNUSED_FUNCTION = YES;
				GCC_WARN_UNUSED_VARIABLE = YES;
				IPHONEOS_DEPLOYMENT_TARGET = 13.6;
				MTL_ENABLE_DEBUG_INFO = NO;
				MTL_FAST_MATH = YES;
				SDKROOT = iphoneos;
				VALIDATE_PRODUCT = YES;
			};
			name = Release;
		};
		9C4976F824D7AC6300324F53 /* Debug */ = {
			isa = XCBuildConfiguration;
			baseConfigurationReference = E082D7F40AE6717938290EBF /* Pods-StepCaptcha.debug.xcconfig */;
			buildSettings = {
				ASSETCATALOG_COMPILER_APPICON_NAME = AppIcon;
				CODE_SIGN_STYLE = Automatic;
				INFOPLIST_FILE = StepCaptcha/Info.plist;
				LD_RUNPATH_SEARCH_PATHS = (
					"$(inherited)",
					"@executable_path/Frameworks",
				);
				PRODUCT_BUNDLE_IDENTIFIER = com.esenyun.outline.StepCaptcha;
				PRODUCT_NAME = "$(TARGET_NAME)";
				TARGETED_DEVICE_FAMILY = "1,2";
			};
			name = Debug;
		};
		9C4976F924D7AC6300324F53 /* Release */ = {
			isa = XCBuildConfiguration;
			baseConfigurationReference = 628761E00D84261CF0EBCEA5 /* Pods-StepCaptcha.release.xcconfig */;
			buildSettings = {
				ASSETCATALOG_COMPILER_APPICON_NAME = AppIcon;
				CODE_SIGN_STYLE = Automatic;
				INFOPLIST_FILE = StepCaptcha/Info.plist;
				LD_RUNPATH_SEARCH_PATHS = (
					"$(inherited)",
					"@executable_path/Frameworks",
				);
				PRODUCT_BUNDLE_IDENTIFIER = com.esenyun.outline.StepCaptcha;
				PRODUCT_NAME = "$(TARGET_NAME)";
				TARGETED_DEVICE_FAMILY = "1,2";
			};
			name = Release;
		};
/* End XCBuildConfiguration section */

/* Begin XCConfigurationList section */
		9C4976D924D7AC6000324F53 /* Build configuration list for PBXProject "StepCaptcha" */ = {
			isa = XCConfigurationList;
			buildConfigurations = (
				9C4976F524D7AC6300324F53 /* Debug */,
				9C4976F624D7AC6300324F53 /* Release */,
			);
			defaultConfigurationIsVisible = 0;
			defaultConfigurationName = Release;
		};
		9C4976F724D7AC6300324F53 /* Build configuration list for PBXNativeTarget "StepCaptcha" */ = {
			isa = XCConfigurationList;
			buildConfigurations = (
				9C4976F824D7AC6300324F53 /* Debug */,
				9C4976F924D7AC6300324F53 /* Release */,
			);
			defaultConfigurationIsVisible = 0;
			defaultConfigurationName = Release;
		};
/* End XCConfigurationList section */
	};
	rootObject = 9C4976D624D7AC6000324F53 /* Project object */;
}
